
Microsoft Visual Studio Solution File, Format Version 12.00
# Visual Studio Version 17
VisualStudioVersion = 17.4.33213.308
MinimumVisualStudioVersion = 10.0.40219.1
Project("{FAE04EC0-301F-11D3-BF4B-00C04F79EFBC}") = "YogaManagement", "YogaManagement\YogaManagement.csproj", "{5BE53B02-DC59-4F6A-A127-CA68B7304C73}"
EndProject
Project("{FAE04EC0-301F-11D3-BF4B-00C04F79EFBC}") = "Data.Access", "Data.Access\Data.Access.csproj", "{886E1748-C01E-40CA-B2E7-3A4909ABB2F5}"
EndProject
Project("{FAE04EC0-301F-11D3-BF4B-00C04F79EFBC}") = "Data.Models", "Data.Models\Data.Models.csproj", "{B31E7E58-8A38-4FC3-BE42-D9DF4926F501}"
EndProject
Project("{9A19103F-16F7-4668-BE54-9A1E7A4F7556}") = "Utilities", "Utilities\Utilities.csproj", "{8444F596-C866-4A32-B790-278F31A06FAD}"
EndProject
Global
	GlobalSection(SolutionConfigurationPlatforms) = preSolution
		Debug|Any CPU = Debug|Any CPU
		Release|Any CPU = Release|Any CPU
	EndGlobalSection
	GlobalSection(ProjectConfigurationPlatforms) = postSolution
		{5BE53B02-DC59-4F6A-A127-CA68B7304C73}.Debug|Any CPU.ActiveCfg = Debug|Any CPU
		{5BE53B02-DC59-4F6A-A127-CA68B7304C73}.Debug|Any CPU.Build.0 = Debug|Any CPU
		{5BE53B02-DC59-4F6A-A127-CA68B7304C73}.Release|Any CPU.ActiveCfg = Release|Any CPU
		{5BE53B02-DC59-4F6A-A127-CA68B7304C73}.Release|Any CPU.Build.0 = Release|Any CPU
		{886E1748-C01E-40CA-B2E7-3A4909ABB2F5}.Debug|Any CPU.ActiveCfg = Debug|Any CPU
		{886E1748-C01E-40CA-B2E7-3A4909ABB2F5}.Debug|Any CPU.Build.0 = Debug|Any CPU
		{886E1748-C01E-40CA-B2E7-3A4909ABB2F5}.Release|Any CPU.ActiveCfg = Release|Any CPU
		{886E1748-C01E-40CA-B2E7-3A4909ABB2F5}.Release|Any CPU.Build.0 = Release|Any CPU
		{B31E7E58-8A38-4FC3-BE42-D9DF4926F501}.Debug|Any CPU.ActiveCfg = Debug|Any CPU
		{B31E7E58-8A38-4FC3-BE42-D9DF4926F501}.Debug|Any CPU.Build.0 = Debug|Any CPU
		{B31E7E58-8A38-4FC3-BE42-D9DF4926F501}.Release|Any CPU.ActiveCfg = Release|Any CPU
		{B31E7E58-8A38-4FC3-BE42-D9DF4926F501}.Release|Any CPU.Build.0 = Release|Any CPU
		{8444F596-C866-4A32-B790-278F31A06FAD}.Debug|Any CPU.ActiveCfg = Debug|Any CPU
		{8444F596-C866-4A32-B790-278F31A06FAD}.Debug|Any CPU.Build.0 = Debug|Any CPU
		{8444F596-C866-4A32-B790-278F31A06FAD}.Release|Any CPU.ActiveCfg = Release|Any CPU
		{8444F596-C866-4A32-B790-278F31A06FAD}.Release|Any CPU.Build.0 = Release|Any CPU
	EndGlobalSection
	GlobalSection(SolutionProperties) = preSolution
		HideSolutionNode = FALSE
	EndGlobalSection
	GlobalSection(ExtensibilityGlobals) = postSolution
		SolutionGuid = {BDB1AB85-4AB2-4FBF-A408-7F0CA39AFE0C}
	EndGlobalSection
EndGlobal
